
Microsoft Visual Studio Solution File, Format Version 12.00
# Visual Studio Version 16
VisualStudioVersion = 16.0.29102.190
MinimumVisualStudioVersion = 10.0.40219.1
Project("{FAE04EC0-301F-11D3-BF4B-00C04F79EFBC}") = "ATP", "ATP\ATP.csproj", "{C61E2524-7713-461F-8CF1-4C00C33C94DE}"
EndProject
Global
	GlobalSection(SolutionConfigurationPlatforms) = preSolution
		Debug|Any CPU = Debug|Any CPU
		Release|Any CPU = Release|Any CPU
	EndGlobalSection
	GlobalSection(ProjectConfigurationPlatforms) = postSolution
		{C61E2524-7713-461F-8CF1-4C00C33C94DE}.Debug|Any CPU.ActiveCfg = Debug|Any CPU
		{C61E2524-7713-461F-8CF1-4C00C33C94DE}.Debug|Any CPU.Build.0 = Debug|Any CPU
		{C61E2524-7713-461F-8CF1-4C00C33C94DE}.Release|Any CPU.ActiveCfg = Release|Any CPU
		{C61E2524-7713-461F-8CF1-4C00C33C94DE}.Release|Any CPU.Build.0 = Release|Any CPU
	EndGlobalSection
	GlobalSection(SolutionProperties) = preSolution
		HideSolutionNode = FALSE
	EndGlobalSection
	GlobalSection(ExtensibilityGlobals) = postSolution
		SolutionGuid = {9E0DF6D3-625D-4842-B42A-BB6CC2CE1544}
	EndGlobalSection
EndGlobal
